{
  "version": 4,
  "terraform_version": "1.5.7",
  "serial": 30,
  "lineage": "41c06b75-86e9-6388-1cb9-8dc465fa4842",
  "outputs": {
    "selected_zone": {
      "value": "asia-east1-a",
      "type": "string"
    }
  },
  "resources": [
    {
      "mode": "managed",
      "type": "google_compute_firewall",
      "name": "allow_jupyter",
      "provider": "provider[\"registry.terraform.io/hashicorp/google\"]",
      "instances": [
        {
          "schema_version": 1,
          "attributes": {
            "allow": [
              {
                "ports": [
                  "8888"
                ],
                "protocol": "tcp"
              }
            ],
            "creation_timestamp": "2024-09-22T02:39:28.163-07:00",
            "deny": [],
            "description": "",
            "destination_ranges": [],
            "direction": "INGRESS",
            "disabled": false,
            "enable_logging": null,
            "id": "projects/mcgill-fiam-154324/global/firewalls/allow-jupyter-access",
            "log_config": [],
            "name": "allow-jupyter-access",
            "network": "https://www.googleapis.com/compute/v1/projects/mcgill-fiam-154324/global/networks/default",
            "priority": 1000,
            "project": "mcgill-fiam-154324",
            "self_link": "https://www.googleapis.com/compute/v1/projects/mcgill-fiam-154324/global/firewalls/allow-jupyter-access",
            "source_ranges": [
              "0.0.0.0/0"
            ],
            "source_service_accounts": [],
            "source_tags": [],
            "target_service_accounts": [],
            "target_tags": [],
            "timeouts": null
          },
          "sensitive_attributes": [],
          "private": "eyJlMmJmYjczMC1lY2FhLTExZTYtOGY4OC0zNDM2M2JjN2M0YzAiOnsiY3JlYXRlIjoxMjAwMDAwMDAwMDAwLCJkZWxldGUiOjEyMDAwMDAwMDAwMDAsInVwZGF0ZSI6MTIwMDAwMDAwMDAwMH0sInNjaGVtYV92ZXJzaW9uIjoiMSJ9"
        }
      ]
    },
    {
      "mode": "managed",
      "type": "google_compute_instance",
      "name": "training_vm",
      "provider": "provider[\"registry.terraform.io/hashicorp/google\"]",
      "instances": [
        {
          "index_key": "us-west1-b",
          "schema_version": 6,
          "attributes": {
            "advanced_machine_features": [],
            "allow_stopping_for_update": null,
            "attached_disk": [],
            "boot_disk": [
              {
                "auto_delete": true,
                "device_name": "persistent-disk-0",
                "disk_encryption_key_raw": "",
                "disk_encryption_key_sha256": "",
                "initialize_params": [
                  {
                    "enable_confidential_compute": false,
                    "image": "https://www.googleapis.com/compute/v1/projects/ubuntu-os-cloud/global/images/ubuntu-2004-focal-v20240830",
                    "labels": {},
                    "provisioned_iops": 0,
                    "provisioned_throughput": 0,
                    "resource_manager_tags": null,
                    "resource_policies": null,
                    "size": 40,
                    "storage_pool": "",
                    "type": "pd-standard"
                  }
                ],
                "interface": "",
                "kms_key_self_link": "",
                "mode": "READ_WRITE",
                "source": "https://www.googleapis.com/compute/v1/projects/mcgill-fiam-154324/zones/us-west1-b/disks/training-vm-instance"
              }
            ],
            "can_ip_forward": false,
            "confidential_instance_config": [],
            "cpu_platform": "Intel Broadwell",
            "current_status": "RUNNING",
            "deletion_protection": false,
            "description": "",
            "desired_status": null,
            "effective_labels": {
              "goog-terraform-provisioned": "true"
            },
            "enable_display": false,
            "guest_accelerator": [
              {
                "count": 1,
                "type": "https://www.googleapis.com/compute/v1/projects/mcgill-fiam-154324/zones/us-west1-b/acceleratorTypes/nvidia-tesla-t4"
              }
            ],
            "hostname": "",
            "id": "projects/mcgill-fiam-154324/zones/us-west1-b/instances/training-vm-instance",
            "instance_id": "6982527098695077099",
            "label_fingerprint": "vezUS-42LLM=",
            "labels": null,
            "machine_type": "n1-standard-4",
            "metadata": null,
            "metadata_fingerprint": "Gkc1fkvTrvs=",
            "metadata_startup_script": "#!/bin/bash\napt-get update\napt-get install -y nvidia-driver-470 nvidia-cuda-toolkit\napt-get install -y docker.io\nsystemctl start docker\nsystemctl enable docker\nusermod -aG docker $USER\ndocker pull pytorch/pytorch:2.0.1-cuda11.7-cudnn8-runtime\ndocker run --gpus all -it -d -p 8888:8888 --name pytorch-jupyter pytorch/pytorch:2.0.1-cuda11.7-cudnn8-runtime\n",
            "min_cpu_platform": "",
            "name": "training-vm-instance",
            "network_interface": [
              {
                "access_config": [
                  {
                    "nat_ip": "35.233.161.149",
                    "network_tier": "PREMIUM",
                    "public_ptr_domain_name": ""
                  }
                ],
                "alias_ip_range": [],
                "internal_ipv6_prefix_length": 0,
                "ipv6_access_config": [],
                "ipv6_access_type": "",
                "ipv6_address": "",
                "name": "nic0",
                "network": "https://www.googleapis.com/compute/v1/projects/mcgill-fiam-154324/global/networks/default",
                "network_ip": "10.138.0.2",
                "nic_type": "",
                "queue_count": 0,
                "stack_type": "IPV4_ONLY",
                "subnetwork": "https://www.googleapis.com/compute/v1/projects/mcgill-fiam-154324/regions/us-west1/subnetworks/default",
                "subnetwork_project": "mcgill-fiam-154324"
              }
            ],
            "network_performance_config": [],
            "params": [],
            "project": "mcgill-fiam-154324",
            "reservation_affinity": [],
            "resource_policies": null,
            "scheduling": [
              {
                "automatic_restart": true,
                "instance_termination_action": "",
                "local_ssd_recovery_timeout": [],
                "max_run_duration": [],
                "min_node_cpus": 0,
                "node_affinities": [],
                "on_host_maintenance": "TERMINATE",
                "on_instance_stop_action": [],
                "preemptible": false,
                "provisioning_model": "STANDARD"
              }
            ],
            "scratch_disk": [],
            "self_link": "https://www.googleapis.com/compute/v1/projects/mcgill-fiam-154324/zones/us-west1-b/instances/training-vm-instance",
            "service_account": [],
            "shielded_instance_config": [
              {
                "enable_integrity_monitoring": true,
                "enable_secure_boot": false,
                "enable_vtpm": true
              }
            ],
            "tags": null,
            "tags_fingerprint": "42WmSpB8rSM=",
            "terraform_labels": {
              "goog-terraform-provisioned": "true"
            },
            "timeouts": null,
            "zone": "us-west1-b"
          },
          "sensitive_attributes": [],
          "private": "eyJlMmJmYjczMC1lY2FhLTExZTYtOGY4OC0zNDM2M2JjN2M0YzAiOnsiY3JlYXRlIjoxMjAwMDAwMDAwMDAwLCJkZWxldGUiOjEyMDAwMDAwMDAwMDAsInVwZGF0ZSI6MTIwMDAwMDAwMDAwMH0sInNjaGVtYV92ZXJzaW9uIjoiNiJ9"
        }
      ]
    }
  ],
  "check_results": null
}
